
Microsoft Visual Studio Solution File, Format Version 12.00
# Visual Studio 15
VisualStudioVersion = 15.0.28307.136
MinimumVisualStudioVersion = 10.0.40219.1
Project("{FAE04EC0-301F-11D3-BF4B-00C04F79EFBC}") = "AngularTest", "AngularTest\AngularTest.csproj", "{6DB17636-A47D-444E-94AD-411945B2AB63}"
EndProject
Global
	GlobalSection(SolutionConfigurationPlatforms) = preSolution
		Debug|Any CPU = Debug|Any CPU
		Release|Any CPU = Release|Any CPU
	EndGlobalSection
	GlobalSection(ProjectConfigurationPlatforms) = postSolution
		{6DB17636-A47D-444E-94AD-411945B2AB63}.Debug|Any CPU.ActiveCfg = Debug|Any CPU
		{6DB17636-A47D-444E-94AD-411945B2AB63}.Debug|Any CPU.Build.0 = Debug|Any CPU
		{6DB17636-A47D-444E-94AD-411945B2AB63}.Release|Any CPU.ActiveCfg = Release|Any CPU
		{6DB17636-A47D-444E-94AD-411945B2AB63}.Release|Any CPU.Build.0 = Release|Any CPU
	EndGlobalSection
	GlobalSection(SolutionProperties) = preSolution
		HideSolutionNode = FALSE
	EndGlobalSection
	GlobalSection(ExtensibilityGlobals) = postSolution
		SolutionGuid = {92A15B9F-48A0-4BB7-9590-C500FE0599B0}
	EndGlobalSection
EndGlobal
